# THIS IS AN AUTOGENERATED FILE. DO NOT EDIT THIS FILE DIRECTLY.
# yarn lockfile v1


"@alloc/quick-lru@^5.2.0":
  version "5.2.0"
  resolved "https://registry.npmjs.org/@alloc/quick-lru/-/quick-lru-5.2.0.tgz"
  integrity sha512-UrcABB+4bUrFABwbluTIBErXwvbsU/V7TZWfmbgJfbkwiBuziS9gxdODUyuiecfdGQ85jglMW6juS3+z5TsKLw==

"@esbuild/win32-x64@0.27.3":
  version "0.27.3"
  resolved "https://registry.npmjs.org/@esbuild/win32-x64/-/win32-x64-0.27.3.tgz"
  integrity sha512-4uJGhsxuptu3OcpVAzli+/gWusVGwZZHTlS63hh++ehExkVT8SgiEf7/uC/PclrPPkLhZqGgCTjd0VWLo6xMqA==

"@img/colour@^1.0.0":
  version "1.1.0"
  resolved "https://registry.npmjs.org/@img/colour/-/colour-1.1.0.tgz"
  integrity sha512-Td76q7j57o/tLVdgS746cYARfSyxk8iEfRxewL9h4OMzYhbW4TAcppl0mT4eyqXddh6L/jwoM75mo7ixa/pCeQ==

"@img/sharp-win32-x64@0.34.5":
  version "0.34.5"
  resolved "https://registry.npmjs.org/@img/sharp-win32-x64/-/sharp-win32-x64-0.34.5.tgz"
  integrity sha512-+29YMsqY2/9eFEiW93eqWnuLcWcufowXewwSNIT6UwZdUUCrM3oFjMWH/Z6/TMmb4hlFenmfAVbpWeup2jryCw==

"@ioredis/commands@1.5.0":
  version "1.5.0"
  resolved "https://registry.npmjs.org/@ioredis/commands/-/commands-1.5.0.tgz"
  integrity sha512-eUgLqrMf8nJkZxT24JvVRrQya1vZkQh8BBeYNwGDqa5I0VUi8ACx7uFvAaLxintokpTenkK6DASvo/bvNbBGow==

"@ioredis/commands@1.5.1":
  version "1.5.1"
  resolved "https://registry.npmjs.org/@ioredis/commands/-/commands-1.5.1.tgz"
  integrity sha512-JH8ZL/ywcJyR9MmJ5BNqZllXNZQqQbnVZOqpPQqE1vHiFgAw4NHbvE0FOduNU8IX9babitBT46571OnPTT0Zcw==

"@jridgewell/gen-mapping@^0.3.5":
  version "0.3.13"
  resolved "https://registry.npmjs.org/@jridgewell/gen-mapping/-/gen-mapping-0.3.13.tgz"
  integrity sha512-2kkt/7niJ6MgEPxF0bYdQ6etZaA+fQvDcLKckhy1yIQOzaoKjBBjSj63/aLVjYE3qhRt5dvM+uUyfCg6UKCBbA==
  dependencies:
    "@jridgewell/sourcemap-codec" "^1.5.0"
    "@jridgewell/trace-mapping" "^0.3.24"

"@jridgewell/remapping@^2.3.5":
  version "2.3.5"
  resolved "https://registry.npmjs.org/@jridgewell/remapping/-/remapping-2.3.5.tgz"
  integrity sha512-LI9u/+laYG4Ds1TDKSJW2YPrIlcVYOwi2fUC6xB43lueCjgxV4lffOCZCtYFiH6TNOX+tQKXx97T4IKHbhyHEQ==
  dependencies:
    "@jridgewell/gen-mapping" "^0.3.5"
    "@jridgewell/trace-mapping" "^0.3.24"

"@jridgewell/resolve-uri@^3.1.0":
  version "3.1.2"
  resolved "https://registry.npmjs.org/@jridgewell/resolve-uri/-/resolve-uri-3.1.2.tgz"
  integrity sha512-bRISgCIjP20/tbWSPWMEi54QVPRZExkuD9lJL+UIxUKtwVJA8wW1Trb1jMs1RFXo1CBTNZ/5hpC9QvmKWdopKw==

"@jridgewell/sourcemap-codec@^1.4.14", "@jridgewell/sourcemap-codec@^1.5.0", "@jridgewell/sourcemap-codec@^1.5.5":
  version "1.5.5"
  resolved "https://registry.npmjs.org/@jridgewell/sourcemap-codec/-/sourcemap-codec-1.5.5.tgz"
  integrity sha512-cYQ9310grqxueWbl+WuIUIaiUaDcj7WOq5fVhEljNVgRfOUhY9fy2zTvfoqWsnebh8Sl70VScFbICvJnLKB0Og==

"@jridgewell/trace-mapping@^0.3.24":
  version "0.3.31"
  resolved "https://registry.npmjs.org/@jridgewell/trace-mapping/-/trace-mapping-0.3.31.tgz"
  integrity sha512-zzNR+SdQSDJzc8joaeP8QQoCQr8NuYx2dIIytl1QeBEZHJ9uW6hebsrYgbz8hJwUQao3TWCMtmfV8Nu1twOLAw==
  dependencies:
    "@jridgewell/resolve-uri" "^3.1.0"
    "@jridgewell/sourcemap-codec" "^1.4.14"

"@msgpackr-extract/msgpackr-extract-win32-x64@3.0.3":
  version "3.0.3"
  resolved "https://registry.npmjs.org/@msgpackr-extract/msgpackr-extract-win32-x64/-/msgpackr-extract-win32-x64-3.0.3.tgz"
  integrity sha512-x0fWaQtYp4E6sktbsdAqnehxDgEc/VwM7uLsRCYWaiGu0ykYdZPiS8zCWdnjHwyiumousxfBm4SO31eXqwEZhQ==

"@next/env@15.5.12":
  version "15.5.12"
  resolved "https://registry.npmjs.org/@next/env/-/env-15.5.12.tgz"
  integrity sha512-pUvdJN1on574wQHjaBfNGDt9Mz5utDSZFsIIQkMzPgNS8ZvT4H2mwOrOIClwsQOb6EGx5M76/CZr6G8i6pSpLg==

"@next/swc-win32-x64-msvc@15.5.12":
  version "15.5.12"
  resolved "https://registry.npmjs.org/@next/swc-win32-x64-msvc/-/swc-win32-x64-msvc-15.5.12.tgz"
  integrity sha512-Z1Dh6lhFkxvBDH1FoW6OU/L6prYwPSlwjLiZkExIAh8fbP6iI/M7iGTQAJPYJ9YFlWobCZ1PHbchFhFYb2ADkw==

"@supabase/auth-js@2.98.0":
  version "2.98.0"
  resolved "https://registry.npmjs.org/@supabase/auth-js/-/auth-js-2.98.0.tgz"
  integrity sha512-GBH361T0peHU91AQNzOlIrjUZw9TZbB9YDRiyFgk/3Kvr3/Z1NWUZ2athWTfHhwNNi8IrW00foyFxQD9IO/Trg==
  dependencies:
    tslib "2.8.1"

"@supabase/functions-js@2.98.0":
  version "2.98.0"
  resolved "https://registry.npmjs.org/@supabase/functions-js/-/functions-js-2.98.0.tgz"
  integrity sha512-N/xEyiNU5Org+d+PNCpv+TWniAXRzxIURxDYsS/m2I/sfAB/HcM9aM2Dmf5edj5oWb9GxID1OBaZ8NMmPXL+Lg==
  dependencies:
    tslib "2.8.1"

"@supabase/postgrest-js@2.98.0":
  version "2.98.0"
  resolved "https://registry.npmjs.org/@supabase/postgrest-js/-/postgrest-js-2.98.0.tgz"
  integrity sha512-v6e9WeZuJijzUut8HyXu6gMqWFepIbaeaMIm1uKzei4yLg9bC9OtEW9O14LE/9ezqNbSAnSLO5GtOLFdm7Bpkg==
  dependencies:
    tslib "2.8.1"

"@supabase/realtime-js@2.98.0":
  version "2.98.0"
  resolved "https://registry.npmjs.org/@supabase/realtime-js/-/realtime-js-2.98.0.tgz"
  integrity sha512-rOWt28uGyFipWOSd+n0WVMr9kUXiWaa7J4hvyLCIHjRFqWm1z9CaaKAoYyfYMC1Exn3WT8WePCgiVhlAtWC2yw==
  dependencies:
    "@types/phoenix" "^1.6.6"
    "@types/ws" "^8.18.1"
    tslib "2.8.1"
    ws "^8.18.2"

"@supabase/storage-js@2.98.0":
  version "2.98.0"
  resolved "https://registry.npmjs.org/@supabase/storage-js/-/storage-js-2.98.0.tgz"
  integrity sha512-tzr2mG+v7ILSAZSfZMSL9OPyIH4z1ikgQ8EcQTKfMRz4EwmlFt3UnJaGzSOxyvF5b+fc9So7qdSUWTqGgeLokQ==
  dependencies:
    iceberg-js "^0.8.1"
    tslib "2.8.1"

"@supabase/supabase-js@^2.98.0":
  version "2.98.0"
  resolved "https://registry.npmjs.org/@supabase/supabase-js/-/supabase-js-2.98.0.tgz"
  integrity sha512-Ohc97CtInLwZyiSASz7tT9/Abm/vqnIbO9REp+PivVUII8UZsuI3bngRQnYgJdFoOIwvaEII1fX1qy8x0CyNiw==
  dependencies:
    "@supabase/auth-js" "2.98.0"
    "@supabase/functions-js" "2.98.0"
    "@supabase/postgrest-js" "2.98.0"
    "@supabase/realtime-js" "2.98.0"
    "@supabase/storage-js" "2.98.0"

"@swc/helpers@0.5.15":
  version "0.5.15"
  resolved "https://registry.npmjs.org/@swc/helpers/-/helpers-0.5.15.tgz"
  integrity sha512-JQ5TuMi45Owi4/BIMAJBoSQoOJu12oOk/gADqlcUL9JEdHB8vyjUSsxqeNXnmXHjYKMi2WcYtezGEEhqUI/E2g==
  dependencies:
    tslib "^2.8.0"

"@tailwindcss/node@4.2.1":
  version "4.2.1"
  resolved "https://registry.npmjs.org/@tailwindcss/node/-/node-4.2.1.tgz"
  integrity sha512-jlx6sLk4EOwO6hHe1oCGm1Q4AN/s0rSrTTPBGPM0/RQ6Uylwq17FuU8IeJJKEjtc6K6O07zsvP+gDO6MMWo7pg==
  dependencies:
    "@jridgewell/remapping" "^2.3.5"
    enhanced-resolve "^5.19.0"
    jiti "^2.6.1"
    lightningcss "1.31.1"
    magic-string "^0.30.21"
    source-map-js "^1.2.1"
    tailwindcss "4.2.1"

"@tailwindcss/oxide-win32-x64-msvc@4.2.1":
  version "4.2.1"
  resolved "https://registry.npmjs.org/@tailwindcss/oxide-win32-x64-msvc/-/oxide-win32-x64-msvc-4.2.1.tgz"
  integrity sha512-rbO34G5sMWWyrN/idLeVxAZgAKWrn5LiR3/I90Q9MkA67s6T1oB0xtTe+0heoBvHSpbU9Mk7i6uwJnpo4u21XQ==

"@tailwindcss/oxide@4.2.1":
  version "4.2.1"
  resolved "https://registry.npmjs.org/@tailwindcss/oxide/-/oxide-4.2.1.tgz"
  integrity sha512-yv9jeEFWnjKCI6/T3Oq50yQEOqmpmpfzG1hcZsAOaXFQPfzWprWrlHSdGPEF3WQTi8zu8ohC9Mh9J470nT5pUw==
  optionalDependencies:
    "@tailwindcss/oxide-android-arm64" "4.2.1"
    "@tailwindcss/oxide-darwin-arm64" "4.2.1"
    "@tailwindcss/oxide-darwin-x64" "4.2.1"
    "@tailwindcss/oxide-freebsd-x64" "4.2.1"
    "@tailwindcss/oxide-linux-arm-gnueabihf" "4.2.1"
    "@tailwindcss/oxide-linux-arm64-gnu" "4.2.1"
    "@tailwindcss/oxide-linux-arm64-musl" "4.2.1"
    "@tailwindcss/oxide-linux-x64-gnu" "4.2.1"
    "@tailwindcss/oxide-linux-x64-musl" "4.2.1"
    "@tailwindcss/oxide-wasm32-wasi" "4.2.1"
    "@tailwindcss/oxide-win32-arm64-msvc" "4.2.1"
    "@tailwindcss/oxide-win32-x64-msvc" "4.2.1"

"@tailwindcss/postcss@^4.1.14":
  version "4.2.1"
  resolved "https://registry.npmjs.org/@tailwindcss/postcss/-/postcss-4.2.1.tgz"
  integrity sha512-OEwGIBnXnj7zJeonOh6ZG9woofIjGrd2BORfvE5p9USYKDCZoQmfqLcfNiRWoJlRWLdNPn2IgVZuWAOM4iTYMw==
  dependencies:
    "@alloc/quick-lru" "^5.2.0"
    "@tailwindcss/node" "4.2.1"
    "@tailwindcss/oxide" "4.2.1"
    postcss "^8.5.6"
    tailwindcss "4.2.1"

"@types/node@*", "@types/node@^22.14.0":
  version "22.19.13"
  resolved "https://registry.npmjs.org/@types/node/-/node-22.19.13.tgz"
  integrity sha512-akNQMv0wW5uyRpD2v2IEyRSZiR+BeGuoB6L310EgGObO44HSMNT8z1xzio28V8qOrgYaopIDNA18YgdXd+qTiw==
  dependencies:
    undici-types "~6.21.0"

"@types/phoenix@^1.6.6":
  version "1.6.7"
  resolved "https://registry.npmjs.org/@types/phoenix/-/phoenix-1.6.7.tgz"
  integrity sha512-oN9ive//QSBkf19rfDv45M7eZPi0eEXylht2OLEXicu5b4KoQ1OzXIw+xDSGWxSxe1JmepRR/ZH283vsu518/Q==

"@types/react-dom@^19.0.4":
  version "19.2.3"
  resolved "https://registry.npmjs.org/@types/react-dom/-/react-dom-19.2.3.tgz"
  integrity sha512-jp2L/eY6fn+KgVVQAOqYItbF0VY/YApe5Mz2F0aykSO8gx31bYCZyvSeYxCHKvzHG5eZjc+zyaS5BrBWya2+kQ==

"@types/react@^19.0.10", "@types/react@^19.2.0":
  version "19.2.14"
  resolved "https://registry.npmjs.org/@types/react/-/react-19.2.14.tgz"
  integrity sha512-ilcTH/UniCkMdtexkoCN0bI7pMcJDvmQFPvuPvmEaYA/NSfFTAgdUSLAoVjaRJm7+6PvcM+q1zYOwS4wTYMF9w==
  dependencies:
    csstype "^3.2.2"

"@types/ws@^8.18.1":
  version "8.18.1"
  resolved "https://registry.npmjs.org/@types/ws/-/ws-8.18.1.tgz"
  integrity sha512-ThVF6DCVhA8kUGy+aazFQ4kXQ7E1Ty7A3ypFOe0IcJV8O/M511G99AW24irKrW56Wt44yG9+ij8FaqoBGkuBXg==
  dependencies:
    "@types/node" "*"

autoprefixer@^10.4.21:
  version "10.4.27"
  resolved "https://registry.npmjs.org/autoprefixer/-/autoprefixer-10.4.27.tgz"
  integrity sha512-NP9APE+tO+LuJGn7/9+cohklunJsXWiaWEfV3si4Gi/XHDwVNgkwr1J3RQYFIvPy76GmJ9/bW8vyoU1LcxwKHA==
  dependencies:
    browserslist "^4.28.1"
    caniuse-lite "^1.0.30001774"
    fraction.js "^5.3.4"
    picocolors "^1.1.1"
    postcss-value-parser "^4.2.0"

balanced-match@^4.0.2:
  version "4.0.4"
  resolved "https://registry.npmjs.org/balanced-match/-/balanced-match-4.0.4.tgz"
  integrity sha512-BLrgEcRTwX2o6gGxGOCNyMvGSp35YofuYzw9h1IMTRmKqttAZZVU67bdb9Pr2vUHA8+j3i2tJfjO6C6+4myGTA==

baseline-browser-mapping@^2.9.0:
  version "2.10.8"
  resolved "https://registry.npmjs.org/baseline-browser-mapping/-/baseline-browser-mapping-2.10.8.tgz"
  integrity sha512-PCLz/LXGBsNTErbtB6i5u4eLpHeMfi93aUv5duMmj6caNu6IphS4q6UevDnL36sZQv9lrP11dbPKGMaXPwMKfQ==

brace-expansion@^5.0.2:
  version "5.0.4"
  resolved "https://registry.npmjs.org/brace-expansion/-/brace-expansion-5.0.4.tgz"
  integrity sha512-h+DEnpVvxmfVefa4jFbCf5HdH5YMDXRsmKflpf1pILZWRFlTbJpxeU55nJl4Smt5HQaGzg1o6RHFPJaOqnmBDg==
  dependencies:
    balanced-match "^4.0.2"

browserslist@^4.28.1, "browserslist@>= 4.21.0":
  version "4.28.1"
  resolved "https://registry.npmjs.org/browserslist/-/browserslist-4.28.1.tgz"
  integrity sha512-ZC5Bd0LgJXgwGqUknZY/vkUQ04r8NXnJZ3yYi4vDmSiZmC/pdSN0NbNRPxZpbtO4uAfDUAFffO8IZoM3Gj8IkA==
  dependencies:
    baseline-browser-mapping "^2.9.0"
    caniuse-lite "^1.0.30001759"
    electron-to-chromium "^1.5.263"
    node-releases "^2.0.27"
    update-browserslist-db "^1.2.0"

bullmq@^5.34.10:
  version "5.70.2"
  resolved "https://registry.npmjs.org/bullmq/-/bullmq-5.70.2.tgz"
  integrity sha512-k8JqTUiKKiO7QMyIiVh0NOstmsYa06KnIY+ZplakHcu8I8DZqwwI13u5NK2obi8DFjBrzBuDeO2JXbBEdTP8lg==
  dependencies:
    cron-parser "4.9.0"
    ioredis "5.9.3"
    msgpackr "1.11.5"
    node-abort-controller "3.1.1"
    semver "7.7.4"
    tslib "2.8.1"
    uuid "11.1.0"

caniuse-lite@^1.0.30001579, caniuse-lite@^1.0.30001759, caniuse-lite@^1.0.30001774:
  version "1.0.30001774"
  resolved "https://registry.npmjs.org/caniuse-lite/-/caniuse-lite-1.0.30001774.tgz"
  integrity sha512-DDdwPGz99nmIEv216hKSgLD+D4ikHQHjBC/seF98N9CPqRX4M5mSxT9eTV6oyisnJcuzxtZy4n17yKKQYmYQOA==

client-only@0.0.1:
  version "0.0.1"
  resolved "https://registry.npmjs.org/client-only/-/client-only-0.0.1.tgz"
  integrity sha512-IV3Ou0jSMzZrd3pZ48nLkT9DA7Ag1pnPzaiQhpW7c3RbcqqzvzzVu+L8gfqMp/8IM2MQtSiqaCxrrcfu8I8rMA==

clsx@^2.1.1:
  version "2.1.1"
  resolved "https://registry.npmjs.org/clsx/-/clsx-2.1.1.tgz"
  integrity sha512-eYm0QWBtUrBWZWG0d386OGAw16Z995PiOVo2B7bjWSbHedGl5e0ZWaq65kOGgUSNesEIDkB9ISbTg/JK9dhCZA==

cluster-key-slot@^1.1.0:
  version "1.1.2"
  resolved "https://registry.npmjs.org/cluster-key-slot/-/cluster-key-slot-1.1.2.tgz"
  integrity sha512-RMr0FhtfXemyinomL4hrWcYJxmX6deFdCxpJzhDttxgO1+bcCnkk+9drydLVDmAMG7NE6aN/fl4F7ucU/90gAA==

cron-parser@4.9.0:
  version "4.9.0"
  resolved "https://registry.npmjs.org/cron-parser/-/cron-parser-4.9.0.tgz"
  integrity sha512-p0SaNjrHOnQeR8/VnfGbmg9te2kfyYSQ7Sc/j/6DtPL3JQvKxmjO9TSjNFpujqV3vEYYBvNNvXSxzyksBWAx1Q==
  dependencies:
    luxon "^3.2.1"

csstype@^3.2.2:
  version "3.2.3"
  resolved "https://registry.npmjs.org/csstype/-/csstype-3.2.3.tgz"
  integrity sha512-z1HGKcYy2xA8AGQfwrn0PAy+PB7X/GSj3UVJW9qKyn43xWa+gl5nXmU4qqLMRzWVLFC8KusUX8T/0kCiOYpAIQ==

debug@^4.3.4:
  version "4.4.3"
  resolved "https://registry.npmjs.org/debug/-/debug-4.4.3.tgz"
  integrity sha512-RGwwWnwQvkVfavKVt22FGLw+xYSdzARwm0ru6DhTVA3umU5hZc28V3kO4stgYryrTlLpuvgI9GiijltAjNbcqA==
  dependencies:
    ms "^2.1.3"

denque@^2.1.0:
  version "2.1.0"
  resolved "https://registry.npmjs.org/denque/-/denque-2.1.0.tgz"
  integrity sha512-HVQE3AAb/pxF8fQAoiqpvg9i3evqug3hoiwakOyZAwJm+6vZehbkYXZ0l4JxS+I3QxM97v5aaRNhj8v5oBhekw==

detect-libc@^2.0.1, detect-libc@^2.0.3, detect-libc@^2.1.2:
  version "2.1.2"
  resolved "https://registry.npmjs.org/detect-libc/-/detect-libc-2.1.2.tgz"
  integrity sha512-Btj2BOOO83o3WyH59e8MgXsxEQVcarkUOpEYrubB0urwnN10yQ364rsiByU11nZlqWYZm05i/of7io4mzihBtQ==

dotenv@^17.2.3:
  version "17.3.1"
  resolved "https://registry.npmjs.org/dotenv/-/dotenv-17.3.1.tgz"
  integrity sha512-IO8C/dzEb6O3F9/twg6ZLXz164a2fhTnEWb95H23Dm4OuN+92NmEAlTrupP9VW6Jm3sO26tQlqyvyi4CsnY9GA==

electron-to-chromium@^1.5.263:
  version "1.5.313"
  resolved "https://registry.npmjs.org/electron-to-chromium/-/electron-to-chromium-1.5.313.tgz"
  integrity sha512-QBMrTWEf00GXZmJyx2lbYD45jpI3TUFnNIzJ5BBc8piGUDwMPa1GV6HJWTZVvY/eiN3fSopl7NRbgGp9sZ9LTA==

enhanced-resolve@^5.19.0:
  version "5.20.0"
  resolved "https://registry.npmjs.org/enhanced-resolve/-/enhanced-resolve-5.20.0.tgz"
  integrity sha512-/ce7+jQ1PQ6rVXwe+jKEg5hW5ciicHwIQUagZkp6IufBoY3YDgdTTY1azVs0qoRgVmvsNB+rbjLJxDAeHHtwsQ==
  dependencies:
    graceful-fs "^4.2.4"
    tapable "^2.3.0"

esbuild@~0.27.0:
  version "0.27.3"
  resolved "https://registry.npmjs.org/esbuild/-/esbuild-0.27.3.tgz"
  integrity sha512-8VwMnyGCONIs6cWue2IdpHxHnAjzxnw2Zr7MkVxB2vjmQ2ivqGFb4LEG3SMnv0Gb2F/G/2yA8zUaiL1gywDCCg==
  optionalDependencies:
    "@esbuild/aix-ppc64" "0.27.3"
    "@esbuild/android-arm" "0.27.3"
    "@esbuild/android-arm64" "0.27.3"
    "@esbuild/android-x64" "0.27.3"
    "@esbuild/darwin-arm64" "0.27.3"
    "@esbuild/darwin-x64" "0.27.3"
    "@esbuild/freebsd-arm64" "0.27.3"
    "@esbuild/freebsd-x64" "0.27.3"
    "@esbuild/linux-arm" "0.27.3"
    "@esbuild/linux-arm64" "0.27.3"
    "@esbuild/linux-ia32" "0.27.3"
    "@esbuild/linux-loong64" "0.27.3"
    "@esbuild/linux-mips64el" "0.27.3"
    "@esbuild/linux-ppc64" "0.27.3"
    "@esbuild/linux-riscv64" "0.27.3"
    "@esbuild/linux-s390x" "0.27.3"
    "@esbuild/linux-x64" "0.27.3"
    "@esbuild/netbsd-arm64" "0.27.3"
    "@esbuild/netbsd-x64" "0.27.3"
    "@esbuild/openbsd-arm64" "0.27.3"
    "@esbuild/openbsd-x64" "0.27.3"
    "@esbuild/openharmony-arm64" "0.27.3"
    "@esbuild/sunos-x64" "0.27.3"
    "@esbuild/win32-arm64" "0.27.3"
    "@esbuild/win32-ia32" "0.27.3"
    "@esbuild/win32-x64" "0.27.3"

escalade@^3.2.0:
  version "3.2.0"
  resolved "https://registry.npmjs.org/escalade/-/escalade-3.2.0.tgz"
  integrity sha512-WUj2qlxaQtO4g6Pq5c29GTcWGDyd8itL8zTlipgECz3JesAiiOKotd8JU6otB3PACgG6xkJUyVhboMS+bje/jA==

fraction.js@^5.3.4:
  version "5.3.4"
  resolved "https://registry.npmjs.org/fraction.js/-/fraction.js-5.3.4.tgz"
  integrity sha512-1X1NTtiJphryn/uLQz3whtY6jK3fTqoE3ohKs0tT+Ujr1W59oopxmoEh7Lu5p6vBaPbgoM0bzveAW4Qi5RyWDQ==

framer-motion@^12.34.3:
  version "12.34.3"
  resolved "https://registry.npmjs.org/framer-motion/-/framer-motion-12.34.3.tgz"
  integrity sha512-v81ecyZKYO/DfpTwHivqkxSUBzvceOpoI+wLfgCgoUIKxlFKEXdg0oR9imxwXumT4SFy8vRk9xzJ5l3/Du/55Q==
  dependencies:
    motion-dom "^12.34.3"
    motion-utils "^12.29.2"
    tslib "^2.4.0"

get-tsconfig@^4.7.5:
  version "4.13.6"
  resolved "https://registry.npmjs.org/get-tsconfig/-/get-tsconfig-4.13.6.tgz"
  integrity sha512-shZT/QMiSHc/YBLxxOkMtgSid5HFoauqCE3/exfsEcwg1WkeqjG+V40yBbBrsD+jW2HDXcs28xOfcbm2jI8Ddw==
  dependencies:
    resolve-pkg-maps "^1.0.0"

glob@^13.0.3:
  version "13.0.6"
  resolved "https://registry.npmjs.org/glob/-/glob-13.0.6.tgz"
  integrity sha512-Wjlyrolmm8uDpm/ogGyXZXb1Z+Ca2B8NbJwqBVg0axK9GbBeoS7yGV6vjXnYdGm6X53iehEuxxbyiKp8QmN4Vw==
  dependencies:
    minimatch "^10.2.2"
    minipass "^7.1.3"
    path-scurry "^2.0.2"

graceful-fs@^4.2.4:
  version "4.2.11"
  resolved "https://registry.npmjs.org/graceful-fs/-/graceful-fs-4.2.11.tgz"
  integrity sha512-RbJ5/jmFcNNCcDV5o9eTnBLJ/HszWV0P73bc+Ff4nS/rJj+YaS6IGyiOL0VoBYX+l1Wrl3k63h/KrH+nhJ0XvQ==

iceberg-js@^0.8.1:
  version "0.8.1"
  resolved "https://registry.npmjs.org/iceberg-js/-/iceberg-js-0.8.1.tgz"
  integrity sha512-1dhVQZXhcHje7798IVM+xoo/1ZdVfzOMIc8/rgVSijRK38EDqOJoGula9N/8ZI5RD8QTxNQtK/Gozpr+qUqRRA==

ioredis@^5.4.1:
  version "5.10.0"
  resolved "https://registry.npmjs.org/ioredis/-/ioredis-5.10.0.tgz"
  integrity sha512-HVBe9OFuqs+Z6n64q09PQvP1/R4Bm+30PAyyD4wIEqssh3v9L21QjCVk4kRLucMBcDokJTcLjsGeVRlq/nH6DA==
  dependencies:
    "@ioredis/commands" "1.5.1"
    cluster-key-slot "^1.1.0"
    debug "^4.3.4"
    denque "^2.1.0"
    lodash.defaults "^4.2.0"
    lodash.isarguments "^3.1.0"
    redis-errors "^1.2.0"
    redis-parser "^3.0.0"
    standard-as-callback "^2.1.0"

ioredis@5.9.3:
  version "5.9.3"
  resolved "https://registry.npmjs.org/ioredis/-/ioredis-5.9.3.tgz"
  integrity sha512-VI5tMCdeoxZWU5vjHWsiE/Su76JGhBvWF1MJnV9ZtGltHk9BmD48oDq8Tj8haZ85aceXZMxLNDQZRVo5QKNgXA==
  dependencies:
    "@ioredis/commands" "1.5.0"
    cluster-key-slot "^1.1.0"
    debug "^4.3.4"
    denque "^2.1.0"
    lodash.defaults "^4.2.0"
    lodash.isarguments "^3.1.0"
    redis-errors "^1.2.0"
    redis-parser "^3.0.0"
    standard-as-callback "^2.1.0"

jiti@^2.6.1:
  version "2.6.1"
  resolved "https://registry.npmjs.org/jiti/-/jiti-2.6.1.tgz"
  integrity sha512-ekilCSN1jwRvIbgeg/57YFh8qQDNbwDb9xT/qu2DAHbFFZUicIl4ygVaAvzveMhMVr3LnpSKTNnwt8PoOfmKhQ==

lightningcss-win32-x64-msvc@1.31.1:
  version "1.31.1"
  resolved "https://registry.npmjs.org/lightningcss-win32-x64-msvc/-/lightningcss-win32-x64-msvc-1.31.1.tgz"
  integrity sha512-I9aiFrbd7oYHwlnQDqr1Roz+fTz61oDDJX7n9tYF9FJymH1cIN1DtKw3iYt6b8WZgEjoNwVSncwF4wx/ZedMhw==

lightningcss@1.31.1:
  version "1.31.1"
  resolved "https://registry.npmjs.org/lightningcss/-/lightningcss-1.31.1.tgz"
  integrity sha512-l51N2r93WmGUye3WuFoN5k10zyvrVs0qfKBhyC5ogUQ6Ew6JUSswh78mbSO+IU3nTWsyOArqPCcShdQSadghBQ==
  dependencies:
    detect-libc "^2.0.3"
  optionalDependencies:
    lightningcss-android-arm64 "1.31.1"
    lightningcss-darwin-arm64 "1.31.1"
    lightningcss-darwin-x64 "1.31.1"
    lightningcss-freebsd-x64 "1.31.1"
    lightningcss-linux-arm-gnueabihf "1.31.1"
    lightningcss-linux-arm64-gnu "1.31.1"
    lightningcss-linux-arm64-musl "1.31.1"
    lightningcss-linux-x64-gnu "1.31.1"
    lightningcss-linux-x64-musl "1.31.1"
    lightningcss-win32-arm64-msvc "1.31.1"
    lightningcss-win32-x64-msvc "1.31.1"

lodash.defaults@^4.2.0:
  version "4.2.0"
  resolved "https://registry.npmjs.org/lodash.defaults/-/lodash.defaults-4.2.0.tgz"
  integrity sha512-qjxPLHd3r5DnsdGacqOMU6pb/avJzdh9tFX2ymgoZE27BmjXrNy/y4LoaiTeAb+O3gL8AfpJGtqfX/ae2leYYQ==

lodash.isarguments@^3.1.0:
  version "3.1.0"
  resolved "https://registry.npmjs.org/lodash.isarguments/-/lodash.isarguments-3.1.0.tgz"
  integrity sha512-chi4NHZlZqZD18a0imDHnZPrDeBbTtVN7GXMwuGdRH9qotxAjYs3aVLKc7zNOG9eddR5Ksd8rvFEBc9SsggPpg==

lru-cache@^11.0.0:
  version "11.2.7"
  resolved "https://registry.npmjs.org/lru-cache/-/lru-cache-11.2.7.tgz"
  integrity sha512-aY/R+aEsRelme17KGQa/1ZSIpLpNYYrhcrepKTZgE+W3WM16YMCaPwOHLHsmopZHELU0Ojin1lPVxKR0MihncA==

lucide-react@^0.546.0:
  version "0.546.0"
  resolved "https://registry.npmjs.org/lucide-react/-/lucide-react-0.546.0.tgz"
  integrity sha512-Z94u6fKT43lKeYHiVyvyR8fT7pwCzDu7RyMPpTvh054+xahSgj4HFQ+NmflvzdXsoAjYGdCguGaFKYuvq0ThCQ==

luxon@^3.2.1:
  version "3.7.2"
  resolved "https://registry.npmjs.org/luxon/-/luxon-3.7.2.tgz"
  integrity sha512-vtEhXh/gNjI9Yg1u4jX/0YVPMvxzHuGgCm6tC5kZyb08yjGWGnqAjGJvcXbqQR2P3MyMEFnRbpcdFS6PBcLqew==

magic-string@^0.30.21:
  version "0.30.21"
  resolved "https://registry.npmjs.org/magic-string/-/magic-string-0.30.21.tgz"
  integrity sha512-vd2F4YUyEXKGcLHoq+TEyCjxueSeHnFxyyjNp80yg0XV4vUhnDer/lvvlqM/arB5bXQN5K2/3oinyCRyx8T2CQ==
  dependencies:
    "@jridgewell/sourcemap-codec" "^1.5.5"

minimatch@^10.2.2:
  version "10.2.4"
  resolved "https://registry.npmjs.org/minimatch/-/minimatch-10.2.4.tgz"
  integrity sha512-oRjTw/97aTBN0RHbYCdtF1MQfvusSIBQM0IZEgzl6426+8jSC0nF1a/GmnVLpfB9yyr6g6FTqWqiZVbxrtaCIg==
  dependencies:
    brace-expansion "^5.0.2"

minipass@^7.1.2, minipass@^7.1.3:
  version "7.1.3"
  resolved "https://registry.npmjs.org/minipass/-/minipass-7.1.3.tgz"
  integrity sha512-tEBHqDnIoM/1rXME1zgka9g6Q2lcoCkxHLuc7ODJ5BxbP5d4c2Z5cGgtXAku59200Cx7diuHTOYfSBD8n6mm8A==

motion-dom@^12.34.3:
  version "12.34.3"
  resolved "https://registry.npmjs.org/motion-dom/-/motion-dom-12.34.3.tgz"
  integrity sha512-sYgFe+pR9aIM7o4fhs2aXtOI+oqlUd33N9Yoxcgo1Fv7M20sRkHtCmzE/VRNIcq7uNJ+qio+Xubt1FXH3pQ+eQ==
  dependencies:
    motion-utils "^12.29.2"

motion-utils@^12.29.2:
  version "12.29.2"
  resolved "https://registry.npmjs.org/motion-utils/-/motion-utils-12.29.2.tgz"
  integrity sha512-G3kc34H2cX2gI63RqU+cZq+zWRRPSsNIOjpdl9TN4AQwC4sgwYPl/Q/Obf/d53nOm569T0fYK+tcoSV50BWx8A==

motion@^12.23.24:
  version "12.34.3"
  resolved "https://registry.npmjs.org/motion/-/motion-12.34.3.tgz"
  integrity sha512-xZIkBGO7v/Uvm+EyaqYd+9IpXu0sZqLywVlGdCFrrMiaO9JI4Kx51mO9KlHSWwll+gZUVY5OJsWgYI5FywJ/tw==
  dependencies:
    framer-motion "^12.34.3"
    tslib "^2.4.0"

ms@^2.1.3:
  version "2.1.3"
  resolved "https://registry.npmjs.org/ms/-/ms-2.1.3.tgz"
  integrity sha512-6FlzubTLZG3J2a/NVCAleEhjzq5oxgHyaCU9yYXvcLsvoVaHJq/s5xXI6/XXP6tz7R9xAOtHnSO/tXtF3WRTlA==

msgpackr-extract@^3.0.2:
  version "3.0.3"
  resolved "https://registry.npmjs.org/msgpackr-extract/-/msgpackr-extract-3.0.3.tgz"
  integrity sha512-P0efT1C9jIdVRefqjzOQ9Xml57zpOXnIuS+csaB4MdZbTdmGDLo8XhzBG1N7aO11gKDDkJvBLULeFTo46wwreA==
  dependencies:
    node-gyp-build-optional-packages "5.2.2"
  optionalDependencies:
    "@msgpackr-extract/msgpackr-extract-darwin-arm64" "3.0.3"
    "@msgpackr-extract/msgpackr-extract-darwin-x64" "3.0.3"
    "@msgpackr-extract/msgpackr-extract-linux-arm" "3.0.3"
    "@msgpackr-extract/msgpackr-extract-linux-arm64" "3.0.3"
    "@msgpackr-extract/msgpackr-extract-linux-x64" "3.0.3"
    "@msgpackr-extract/msgpackr-extract-win32-x64" "3.0.3"

msgpackr@1.11.5:
  version "1.11.5"
  resolved "https://registry.npmjs.org/msgpackr/-/msgpackr-1.11.5.tgz"
  integrity sha512-UjkUHN0yqp9RWKy0Lplhh+wlpdt9oQBYgULZOiFhV3VclSF1JnSQWZ5r9gORQlNYaUKQoR8itv7g7z1xDDuACA==
  optionalDependencies:
    msgpackr-extract "^3.0.2"

nanoid@^3.3.11, nanoid@^3.3.6:
  version "3.3.11"
  resolved "https://registry.npmjs.org/nanoid/-/nanoid-3.3.11.tgz"
  integrity sha512-N8SpfPUnUp1bK+PMYW8qSWdl9U+wwNWI4QKxOYDy9JAro3WMX7p2OeVRF9v+347pnakNevPmiHhNmZ2HbFA76w==

next@^15.2.0:
  version "15.5.12"
  resolved "https://registry.npmjs.org/next/-/next-15.5.12.tgz"
  integrity sha512-Fi/wQ4Etlrn60rz78bebG1i1SR20QxvV8tVp6iJspjLUSHcZoeUXCt+vmWoEcza85ElZzExK/jJ/F6SvtGktjA==
  dependencies:
    "@next/env" "15.5.12"
    "@swc/helpers" "0.5.15"
    caniuse-lite "^1.0.30001579"
    postcss "8.4.31"
    styled-jsx "5.1.6"
  optionalDependencies:
    "@next/swc-darwin-arm64" "15.5.12"
    "@next/swc-darwin-x64" "15.5.12"
    "@next/swc-linux-arm64-gnu" "15.5.12"
    "@next/swc-linux-arm64-musl" "15.5.12"
    "@next/swc-linux-x64-gnu" "15.5.12"
    "@next/swc-linux-x64-musl" "15.5.12"
    "@next/swc-win32-arm64-msvc" "15.5.12"
    "@next/swc-win32-x64-msvc" "15.5.12"
    sharp "^0.34.3"

node-abort-controller@3.1.1:
  version "3.1.1"
  resolved "https://registry.npmjs.org/node-abort-controller/-/node-abort-controller-3.1.1.tgz"
  integrity sha512-AGK2yQKIjRuqnc6VkX2Xj5d+QW8xZ87pa1UK6yA6ouUyuxfHuMP6umE5QK7UmTeOAymo+Zx1Fxiuw9rVx8taHQ==

node-gyp-build-optional-packages@5.2.2:
  version "5.2.2"
  resolved "https://registry.npmjs.org/node-gyp-build-optional-packages/-/node-gyp-build-optional-packages-5.2.2.tgz"
  integrity sha512-s+w+rBWnpTMwSFbaE0UXsRlg7hU4FjekKU4eyAih5T8nJuNZT1nNsskXpxmeqSK9UzkBl6UgRlnKc8hz8IEqOw==
  dependencies:
    detect-libc "^2.0.1"

node-releases@^2.0.27:
  version "2.0.36"
  resolved "https://registry.npmjs.org/node-releases/-/node-releases-2.0.36.tgz"
  integrity sha512-TdC8FSgHz8Mwtw9g5L4gR/Sh9XhSP/0DEkQxfEFXOpiul5IiHgHan2VhYYb6agDSfp4KuvltmGApc8HMgUrIkA==

package-json-from-dist@^1.0.1:
  version "1.0.1"
  resolved "https://registry.npmjs.org/package-json-from-dist/-/package-json-from-dist-1.0.1.tgz"
  integrity sha512-UEZIS3/by4OC8vL3P2dTXRETpebLI2NiI5vIrjaD/5UtrkFX/tNbwjTSRAGC/+7CAo2pIcBaRgWmcBBHcsaCIw==

path-scurry@^2.0.2:
  version "2.0.2"
  resolved "https://registry.npmjs.org/path-scurry/-/path-scurry-2.0.2.tgz"
  integrity sha512-3O/iVVsJAPsOnpwWIeD+d6z/7PmqApyQePUtCndjatj/9I5LylHvt5qluFaBT3I5h3r1ejfR056c+FCv+NnNXg==
  dependencies:
    lru-cache "^11.0.0"
    minipass "^7.1.2"

picocolors@^1.0.0, picocolors@^1.1.1:
  version "1.1.1"
  resolved "https://registry.npmjs.org/picocolors/-/picocolors-1.1.1.tgz"
  integrity sha512-xceH2snhtb5M9liqDsmEw56le376mTZkEX/jEb/RxNFyegNul7eNslCXP9FDj/Lcu0X8KEyMceP2ntpaHrDEVA==

postcss-value-parser@^4.2.0:
  version "4.2.0"
  resolved "https://registry.npmjs.org/postcss-value-parser/-/postcss-value-parser-4.2.0.tgz"
  integrity sha512-1NNCs6uurfkVbeXG4S8JFT9t19m45ICnif8zWLd5oPSZ50QnwMfK+H3jv408d4jw/7Bttv5axS5IiHoLaVNHeQ==

postcss@^8.1.0, postcss@^8.5.6:
  version "8.5.8"
  resolved "https://registry.npmjs.org/postcss/-/postcss-8.5.8.tgz"
  integrity sha512-OW/rX8O/jXnm82Ey1k44pObPtdblfiuWnrd8X7GJ7emImCOstunGbXUpp7HdBrFQX6rJzn3sPT397Wp5aCwCHg==
  dependencies:
    nanoid "^3.3.11"
    picocolors "^1.1.1"
    source-map-js "^1.2.1"

postcss@8.4.31:
  version "8.4.31"
  resolved "https://registry.npmjs.org/postcss/-/postcss-8.4.31.tgz"
  integrity sha512-PS08Iboia9mts/2ygV3eLpY5ghnUcfLV/EXTOW1E2qYxJKGGBUtNjN76FYHnMs36RmARn41bC0AZmn+rR0OVpQ==
  dependencies:
    nanoid "^3.3.6"
    picocolors "^1.0.0"
    source-map-js "^1.0.2"

"react-dom@^18.0.0 || ^19.0.0", "react-dom@^18.2.0 || 19.0.0-rc-de68d2f4-20241204 || ^19.0.0", react-dom@^19.0.0:
  version "19.2.4"
  resolved "https://registry.npmjs.org/react-dom/-/react-dom-19.2.4.tgz"
  integrity sha512-AXJdLo8kgMbimY95O2aKQqsz2iWi9jMgKJhRBAxECE4IFxfcazB2LmzloIoibJI3C12IlY20+KFaLv+71bUJeQ==
  dependencies:
    scheduler "^0.27.0"

"react@^16.5.1 || ^17.0.0 || ^18.0.0 || ^19.0.0", "react@^18.0.0 || ^19.0.0", "react@^18.2.0 || 19.0.0-rc-de68d2f4-20241204 || ^19.0.0", react@^19.0.0, react@^19.2.4, "react@>= 16.8.0 || 17.x.x || ^18.0.0-0 || ^19.0.0-0":
  version "19.2.4"
  resolved "https://registry.npmjs.org/react/-/react-19.2.4.tgz"
  integrity sha512-9nfp2hYpCwOjAN+8TZFGhtWEwgvWHXqESH8qT89AT/lWklpLON22Lc8pEtnpsZz7VmawabSU0gCjnj8aC0euHQ==

redis-errors@^1.0.0, redis-errors@^1.2.0:
  version "1.2.0"
  resolved "https://registry.npmjs.org/redis-errors/-/redis-errors-1.2.0.tgz"
  integrity sha512-1qny3OExCf0UvUV/5wpYKf2YwPcOqXzkwKKSmKHiE6ZMQs5heeE/c8eXK+PNllPvmjgAbfnsbpkGZWy8cBpn9w==

redis-parser@^3.0.0:
  version "3.0.0"
  resolved "https://registry.npmjs.org/redis-parser/-/redis-parser-3.0.0.tgz"
  integrity sha512-DJnGAeenTdpMEH6uAJRK/uiyEIH9WVsUmoLwzudwGJUwZPp80PDBWPHXSAGNPwNvIXAbe7MSUB1zQFugFml66A==
  dependencies:
    redis-errors "^1.0.0"

resolve-pkg-maps@^1.0.0:
  version "1.0.0"
  resolved "https://registry.npmjs.org/resolve-pkg-maps/-/resolve-pkg-maps-1.0.0.tgz"
  integrity sha512-seS2Tj26TBVOC2NIc2rOe2y2ZO7efxITtLZcGSOnHHNOQ7CkiUBfw0Iw2ck6xkIhPwLhKNLS8BO+hEpngQlqzw==

rimraf@^6.1.3:
  version "6.1.3"
  resolved "https://registry.npmjs.org/rimraf/-/rimraf-6.1.3.tgz"
  integrity sha512-LKg+Cr2ZF61fkcaK1UdkH2yEBBKnYjTyWzTJT6KNPcSPaiT7HSdhtMXQuN5wkTX0Xu72KQ1l8S42rlmexS2hSA==
  dependencies:
    glob "^13.0.3"
    package-json-from-dist "^1.0.1"

scheduler@^0.27.0:
  version "0.27.0"
  resolved "https://registry.npmjs.org/scheduler/-/scheduler-0.27.0.tgz"
  integrity sha512-eNv+WrVbKu1f3vbYJT/xtiF5syA5HPIMtf9IgY/nKg0sWqzAUEvqY/xm7OcZc/qafLx/iO9FgOmeSAp4v5ti/Q==

semver@^7.7.3, semver@7.7.4:
  version "7.7.4"
  resolved "https://registry.npmjs.org/semver/-/semver-7.7.4.tgz"
  integrity sha512-vFKC2IEtQnVhpT78h1Yp8wzwrf8CM+MzKMHGJZfBtzhZNycRFnXsHk6E5TxIkkMsgNS7mdX3AGB7x2QM2di4lA==

sharp@^0.34.3:
  version "0.34.5"
  resolved "https://registry.npmjs.org/sharp/-/sharp-0.34.5.tgz"
  integrity sha512-Ou9I5Ft9WNcCbXrU9cMgPBcCK8LiwLqcbywW3t4oDV37n1pzpuNLsYiAV8eODnjbtQlSDwZ2cUEeQz4E54Hltg==
  dependencies:
    "@img/colour" "^1.0.0"
    detect-libc "^2.1.2"
    semver "^7.7.3"
  optionalDependencies:
    "@img/sharp-darwin-arm64" "0.34.5"
    "@img/sharp-darwin-x64" "0.34.5"
    "@img/sharp-libvips-darwin-arm64" "1.2.4"
    "@img/sharp-libvips-darwin-x64" "1.2.4"
    "@img/sharp-libvips-linux-arm" "1.2.4"
    "@img/sharp-libvips-linux-arm64" "1.2.4"
    "@img/sharp-libvips-linux-ppc64" "1.2.4"
    "@img/sharp-libvips-linux-riscv64" "1.2.4"
    "@img/sharp-libvips-linux-s390x" "1.2.4"
    "@img/sharp-libvips-linux-x64" "1.2.4"
    "@img/sharp-libvips-linuxmusl-arm64" "1.2.4"
    "@img/sharp-libvips-linuxmusl-x64" "1.2.4"
    "@img/sharp-linux-arm" "0.34.5"
    "@img/sharp-linux-arm64" "0.34.5"
    "@img/sharp-linux-ppc64" "0.34.5"
    "@img/sharp-linux-riscv64" "0.34.5"
    "@img/sharp-linux-s390x" "0.34.5"
    "@img/sharp-linux-x64" "0.34.5"
    "@img/sharp-linuxmusl-arm64" "0.34.5"
    "@img/sharp-linuxmusl-x64" "0.34.5"
    "@img/sharp-wasm32" "0.34.5"
    "@img/sharp-win32-arm64" "0.34.5"
    "@img/sharp-win32-ia32" "0.34.5"
    "@img/sharp-win32-x64" "0.34.5"

source-map-js@^1.0.2, source-map-js@^1.2.1:
  version "1.2.1"
  resolved "https://registry.npmjs.org/source-map-js/-/source-map-js-1.2.1.tgz"
  integrity sha512-UXWMKhLOwVKb728IUtQPXxfYU+usdybtUrK/8uGE8CQMvrhOpwvzDBwj0QhSL7MQc7vIsISBG8VQ8+IDQxpfQA==

standard-as-callback@^2.1.0:
  version "2.1.0"
  resolved "https://registry.npmjs.org/standard-as-callback/-/standard-as-callback-2.1.0.tgz"
  integrity sha512-qoRRSyROncaz1z0mvYqIE4lCd9p2R90i6GxW3uZv5ucSu8tU7B5HXUP1gG8pVZsYNVaXjk8ClXHPttLyxAL48A==

styled-jsx@5.1.6:
  version "5.1.6"
  resolved "https://registry.npmjs.org/styled-jsx/-/styled-jsx-5.1.6.tgz"
  integrity sha512-qSVyDTeMotdvQYoHWLNGwRFJHC+i+ZvdBRYosOFgC+Wg1vx4frN2/RG/NA7SYqqvKNLf39P2LSRA2pu6n0XYZA==
  dependencies:
    client-only "0.0.1"

tailwind-merge@^3.5.0:
  version "3.5.0"
  resolved "https://registry.npmjs.org/tailwind-merge/-/tailwind-merge-3.5.0.tgz"
  integrity sha512-I8K9wewnVDkL1NTGoqWmVEIlUcB9gFriAEkXkfCjX5ib8ezGxtR3xD7iZIxrfArjEsH7F1CHD4RFUtxefdqV/A==

tailwindcss@^4.1.14, tailwindcss@4.2.1:
  version "4.2.1"
  resolved "https://registry.npmjs.org/tailwindcss/-/tailwindcss-4.2.1.tgz"
  integrity sha512-/tBrSQ36vCleJkAOsy9kbNTgaxvGbyOamC30PRePTQe/o1MFwEKHQk4Cn7BNGaPtjp+PuUrByJehM1hgxfq4sw==

tapable@^2.3.0:
  version "2.3.0"
  resolved "https://registry.npmjs.org/tapable/-/tapable-2.3.0.tgz"
  integrity sha512-g9ljZiwki/LfxmQADO3dEY1CbpmXT5Hm2fJ+QaGKwSXUylMybePR7/67YW7jOrrvjEgL1Fmz5kzyAjWVWLlucg==

tslib@^2.4.0, tslib@^2.8.0, tslib@2.8.1:
  version "2.8.1"
  resolved "https://registry.npmjs.org/tslib/-/tslib-2.8.1.tgz"
  integrity sha512-oJFu94HQb+KVduSUQL7wnpmqnfmLsOA/nAh6b6EH0wCEoK0/mPeXU6c3wKDV83MkOuHPRHtSXKKU99IBazS/2w==

tsx@^4.21.0:
  version "4.21.0"
  resolved "https://registry.npmjs.org/tsx/-/tsx-4.21.0.tgz"
  integrity sha512-5C1sg4USs1lfG0GFb2RLXsdpXqBSEhAaA/0kPL01wxzpMqLILNxIxIOKiILz+cdg/pLnOUxFYOR5yhHU666wbw==
  dependencies:
    esbuild "~0.27.0"
    get-tsconfig "^4.7.5"
  optionalDependencies:
    fsevents "~2.3.3"

typescript@~5.8.2:
  version "5.8.3"
  resolved "https://registry.npmjs.org/typescript/-/typescript-5.8.3.tgz"
  integrity sha512-p1diW6TqL9L07nNxvRMM7hMMw4c5XOo/1ibL4aAIGmSAt9slTE1Xgw5KWuof2uTOvCg9BY7ZRi+GaF+7sfgPeQ==

undici-types@~6.21.0:
  version "6.21.0"
  resolved "https://registry.npmjs.org/undici-types/-/undici-types-6.21.0.tgz"
  integrity sha512-iwDZqg0QAGrg9Rav5H4n0M64c3mkR59cJ6wQp+7C4nI0gsmExaedaYLNO44eT4AtBBwjbTiGPMlt2Md0T9H9JQ==

update-browserslist-db@^1.2.0:
  version "1.2.3"
  resolved "https://registry.npmjs.org/update-browserslist-db/-/update-browserslist-db-1.2.3.tgz"
  integrity sha512-Js0m9cx+qOgDxo0eMiFGEueWztz+d4+M3rGlmKPT+T4IS/jP4ylw3Nwpu6cpTTP8R1MAC1kF4VbdLt3ARf209w==
  dependencies:
    escalade "^3.2.0"
    picocolors "^1.1.1"

uuid@11.1.0:
  version "11.1.0"
  resolved "https://registry.npmjs.org/uuid/-/uuid-11.1.0.tgz"
  integrity sha512-0/A9rDy9P7cJ+8w1c9WD9V//9Wj15Ce2MPz8Ri6032usz+NfePxx5AcN3bN+r6ZL6jEo066/yNYB3tn4pQEx+A==

ws@^8.18.2:
  version "8.19.0"
  resolved "https://registry.npmjs.org/ws/-/ws-8.19.0.tgz"
  integrity sha512-blAT2mjOEIi0ZzruJfIhb3nps74PRWTCz1IjglWEEpQl5XS/UNama6u2/rjFkDDouqr4L67ry+1aGIALViWjDg==

zod@^3.25.76:
  version "3.25.76"
  resolved "https://registry.npmjs.org/zod/-/zod-3.25.76.tgz"
  integrity sha512-gzUt/qt81nXsFGKIFcC3YnfEAx5NkunCfnDlvuBSSFS02bcXu4Lmea0AFIUwbLWxWPx3d9p8S5QoaujKcNQxcQ==
